
Microsoft Visual Studio Solution File, Format Version 12.00
# Visual Studio Version 16
VisualStudioVersion = 16.0.29215.179
MinimumVisualStudioVersion = 10.0.40219.1
Project("{FAE04EC0-301F-11D3-BF4B-00C04F79EFBC}") = "Graphics", "Graphics\Graphics.csproj", "{F6D1E77D-957F-47BE-B41A-F33505094F39}"
EndProject
Global
	GlobalSection(SolutionConfigurationPlatforms) = preSolution
		Debug|Any CPU = Debug|Any CPU
		Release|Any CPU = Release|Any CPU
	EndGlobalSection
	GlobalSection(ProjectConfigurationPlatforms) = postSolution
		{F6D1E77D-957F-47BE-B41A-F33505094F39}.Debug|Any CPU.ActiveCfg = Debug|Any CPU
		{F6D1E77D-957F-47BE-B41A-F33505094F39}.Debug|Any CPU.Build.0 = Debug|Any CPU
		{F6D1E77D-957F-47BE-B41A-F33505094F39}.Release|Any CPU.ActiveCfg = Release|Any CPU
		{F6D1E77D-957F-47BE-B41A-F33505094F39}.Release|Any CPU.Build.0 = Release|Any CPU
	EndGlobalSection
	GlobalSection(SolutionProperties) = preSolution
		HideSolutionNode = FALSE
	EndGlobalSection
	GlobalSection(ExtensibilityGlobals) = postSolution
		SolutionGuid = {C359FE9B-0612-4864-AFFF-7470E0A6D4B9}
	EndGlobalSection
EndGlobal
